
Microsoft Visual Studio Solution File, Format Version 12.00
# Visual Studio Version 17
VisualStudioVersion = 17.5.33502.453
MinimumVisualStudioVersion = 10.0.40219.1
Project("{FAE04EC0-301F-11D3-BF4B-00C04F79EFBC}") = "Presentacion", "Presentacion\Presentacion.csproj", "{48D100B3-334A-4F29-89D5-088919DEDD42}"
EndProject
Project("{9A19103F-16F7-4668-BE54-9A1E7A4F7556}") = "Datos", "Datos\Datos.csproj", "{B5C6D2A0-1DBE-42CD-9884-46D3FB79D4F6}"
EndProject
Project("{9A19103F-16F7-4668-BE54-9A1E7A4F7556}") = "Entidades", "Entidades\Entidades.csproj", "{9047535B-887A-46D9-BE91-AEE79DC39BED}"
EndProject
Project("{FAE04EC0-301F-11D3-BF4B-00C04F79EFBC}") = "Negocio", "Negocio\Negocio.csproj", "{C706D8D7-940E-443E-A2D9-27E0A76282FD}"
EndProject
Global
	GlobalSection(SolutionConfigurationPlatforms) = preSolution
		Debug|Any CPU = Debug|Any CPU
		Release|Any CPU = Release|Any CPU
	EndGlobalSection
	GlobalSection(ProjectConfigurationPlatforms) = postSolution
		{48D100B3-334A-4F29-89D5-088919DEDD42}.Debug|Any CPU.ActiveCfg = Debug|Any CPU
		{48D100B3-334A-4F29-89D5-088919DEDD42}.Debug|Any CPU.Build.0 = Debug|Any CPU
		{48D100B3-334A-4F29-89D5-088919DEDD42}.Release|Any CPU.ActiveCfg = Release|Any CPU
		{48D100B3-334A-4F29-89D5-088919DEDD42}.Release|Any CPU.Build.0 = Release|Any CPU
		{B5C6D2A0-1DBE-42CD-9884-46D3FB79D4F6}.Debug|Any CPU.ActiveCfg = Debug|Any CPU
		{B5C6D2A0-1DBE-42CD-9884-46D3FB79D4F6}.Debug|Any CPU.Build.0 = Debug|Any CPU
		{B5C6D2A0-1DBE-42CD-9884-46D3FB79D4F6}.Release|Any CPU.ActiveCfg = Release|Any CPU
		{B5C6D2A0-1DBE-42CD-9884-46D3FB79D4F6}.Release|Any CPU.Build.0 = Release|Any CPU
		{9047535B-887A-46D9-BE91-AEE79DC39BED}.Debug|Any CPU.ActiveCfg = Debug|Any CPU
		{9047535B-887A-46D9-BE91-AEE79DC39BED}.Debug|Any CPU.Build.0 = Debug|Any CPU
		{9047535B-887A-46D9-BE91-AEE79DC39BED}.Release|Any CPU.ActiveCfg = Release|Any CPU
		{9047535B-887A-46D9-BE91-AEE79DC39BED}.Release|Any CPU.Build.0 = Release|Any CPU
		{C706D8D7-940E-443E-A2D9-27E0A76282FD}.Debug|Any CPU.ActiveCfg = Debug|Any CPU
		{C706D8D7-940E-443E-A2D9-27E0A76282FD}.Debug|Any CPU.Build.0 = Debug|Any CPU
		{C706D8D7-940E-443E-A2D9-27E0A76282FD}.Release|Any CPU.ActiveCfg = Release|Any CPU
		{C706D8D7-940E-443E-A2D9-27E0A76282FD}.Release|Any CPU.Build.0 = Release|Any CPU
	EndGlobalSection
	GlobalSection(SolutionProperties) = preSolution
		HideSolutionNode = FALSE
	EndGlobalSection
	GlobalSection(ExtensibilityGlobals) = postSolution
		SolutionGuid = {8F94A9A5-8F68-40B8-B84E-7B015ABFC451}
	EndGlobalSection
EndGlobal
