
Microsoft Visual Studio Solution File, Format Version 12.00
# Visual Studio Version 16
VisualStudioVersion = 16.0.33328.57
MinimumVisualStudioVersion = 10.0.40219.1
Project("{FAE04EC0-301F-11D3-BF4B-00C04F79EFBC}") = "Presentacion", "Presentacion\Presentacion.csproj", "{48D100B3-334A-4F29-89D5-088919DEDD42}"
EndProject
Project("{FAE04EC0-301F-11D3-BF4B-00C04F79EFBC}") = "Datos", "Datos\Datos.csproj", "{E476C1AD-A227-4FB1-B3C5-579DBFAC59A8}"
EndProject
Project("{FAE04EC0-301F-11D3-BF4B-00C04F79EFBC}") = "Entidades", "Entidades\Entidades.csproj", "{23CCDCC9-B4B2-42C3-ACAC-D3E0F5041970}"
EndProject
Project("{FAE04EC0-301F-11D3-BF4B-00C04F79EFBC}") = "Negocio", "Negocio\Negocio.csproj", "{BB501B79-CD6B-432E-B24D-A8315BA421EE}"
EndProject
Global
	GlobalSection(SolutionConfigurationPlatforms) = preSolution
		Debug|Any CPU = Debug|Any CPU
		Release|Any CPU = Release|Any CPU
	EndGlobalSection
	GlobalSection(ProjectConfigurationPlatforms) = postSolution
		{48D100B3-334A-4F29-89D5-088919DEDD42}.Debug|Any CPU.ActiveCfg = Debug|Any CPU
		{48D100B3-334A-4F29-89D5-088919DEDD42}.Debug|Any CPU.Build.0 = Debug|Any CPU
		{48D100B3-334A-4F29-89D5-088919DEDD42}.Release|Any CPU.ActiveCfg = Release|Any CPU
		{48D100B3-334A-4F29-89D5-088919DEDD42}.Release|Any CPU.Build.0 = Release|Any CPU
		{E476C1AD-A227-4FB1-B3C5-579DBFAC59A8}.Debug|Any CPU.ActiveCfg = Debug|Any CPU
		{E476C1AD-A227-4FB1-B3C5-579DBFAC59A8}.Debug|Any CPU.Build.0 = Debug|Any CPU
		{E476C1AD-A227-4FB1-B3C5-579DBFAC59A8}.Release|Any CPU.ActiveCfg = Release|Any CPU
		{E476C1AD-A227-4FB1-B3C5-579DBFAC59A8}.Release|Any CPU.Build.0 = Release|Any CPU
		{23CCDCC9-B4B2-42C3-ACAC-D3E0F5041970}.Debug|Any CPU.ActiveCfg = Debug|Any CPU
		{23CCDCC9-B4B2-42C3-ACAC-D3E0F5041970}.Debug|Any CPU.Build.0 = Debug|Any CPU
		{23CCDCC9-B4B2-42C3-ACAC-D3E0F5041970}.Release|Any CPU.ActiveCfg = Release|Any CPU
		{23CCDCC9-B4B2-42C3-ACAC-D3E0F5041970}.Release|Any CPU.Build.0 = Release|Any CPU
		{BB501B79-CD6B-432E-B24D-A8315BA421EE}.Debug|Any CPU.ActiveCfg = Debug|Any CPU
		{BB501B79-CD6B-432E-B24D-A8315BA421EE}.Debug|Any CPU.Build.0 = Debug|Any CPU
		{BB501B79-CD6B-432E-B24D-A8315BA421EE}.Release|Any CPU.ActiveCfg = Release|Any CPU
		{BB501B79-CD6B-432E-B24D-A8315BA421EE}.Release|Any CPU.Build.0 = Release|Any CPU
	EndGlobalSection
	GlobalSection(SolutionProperties) = preSolution
		HideSolutionNode = FALSE
	EndGlobalSection
	GlobalSection(ExtensibilityGlobals) = postSolution
		SolutionGuid = {8F94A9A5-8F68-40B8-B84E-7B015ABFC451}
	EndGlobalSection
EndGlobal
