
Microsoft Visual Studio Solution File, Format Version 12.00
# Visual Studio Version 16
VisualStudioVersion = 16.0.33328.57
MinimumVisualStudioVersion = 10.0.40219.1
Project("{FAE04EC0-301F-11D3-BF4B-00C04F79EFBC}") = "Supermercado", "Supermercado.csproj", "{48D100B3-334A-4F29-89D5-088919DEDD42}"
EndProject
Project("{FAE04EC0-301F-11D3-BF4B-00C04F79EFBC}") = "Negocio", "..\..\TP Final\SistemaDia_Negocio\Negocio.csproj", "{63BB49D9-CD58-4671-9034-7C5E5D831EE6}"
EndProject
Project("{FAE04EC0-301F-11D3-BF4B-00C04F79EFBC}") = "Entidades", "..\..\TP Final\SistemaDia_Entidades\Entidades.csproj", "{07C0D69E-DCC1-473D-8EFD-9610B2459C52}"
EndProject
Project("{FAE04EC0-301F-11D3-BF4B-00C04F79EFBC}") = "Datos", "..\..\TP Final\Datos\Datos.csproj", "{F7969A41-C1C4-48FB-942E-E3B67090EB57}"
EndProject
Global
	GlobalSection(SolutionConfigurationPlatforms) = preSolution
		Debug|Any CPU = Debug|Any CPU
		Release|Any CPU = Release|Any CPU
	EndGlobalSection
	GlobalSection(ProjectConfigurationPlatforms) = postSolution
		{48D100B3-334A-4F29-89D5-088919DEDD42}.Debug|Any CPU.ActiveCfg = Debug|Any CPU
		{48D100B3-334A-4F29-89D5-088919DEDD42}.Debug|Any CPU.Build.0 = Debug|Any CPU
		{48D100B3-334A-4F29-89D5-088919DEDD42}.Release|Any CPU.ActiveCfg = Release|Any CPU
		{48D100B3-334A-4F29-89D5-088919DEDD42}.Release|Any CPU.Build.0 = Release|Any CPU
		{63BB49D9-CD58-4671-9034-7C5E5D831EE6}.Debug|Any CPU.ActiveCfg = Debug|Any CPU
		{63BB49D9-CD58-4671-9034-7C5E5D831EE6}.Debug|Any CPU.Build.0 = Debug|Any CPU
		{63BB49D9-CD58-4671-9034-7C5E5D831EE6}.Release|Any CPU.ActiveCfg = Release|Any CPU
		{63BB49D9-CD58-4671-9034-7C5E5D831EE6}.Release|Any CPU.Build.0 = Release|Any CPU
		{07C0D69E-DCC1-473D-8EFD-9610B2459C52}.Debug|Any CPU.ActiveCfg = Debug|Any CPU
		{07C0D69E-DCC1-473D-8EFD-9610B2459C52}.Debug|Any CPU.Build.0 = Debug|Any CPU
		{07C0D69E-DCC1-473D-8EFD-9610B2459C52}.Release|Any CPU.ActiveCfg = Release|Any CPU
		{07C0D69E-DCC1-473D-8EFD-9610B2459C52}.Release|Any CPU.Build.0 = Release|Any CPU
		{F7969A41-C1C4-48FB-942E-E3B67090EB57}.Debug|Any CPU.ActiveCfg = Debug|Any CPU
		{F7969A41-C1C4-48FB-942E-E3B67090EB57}.Debug|Any CPU.Build.0 = Debug|Any CPU
		{F7969A41-C1C4-48FB-942E-E3B67090EB57}.Release|Any CPU.ActiveCfg = Release|Any CPU
		{F7969A41-C1C4-48FB-942E-E3B67090EB57}.Release|Any CPU.Build.0 = Release|Any CPU
	EndGlobalSection
	GlobalSection(SolutionProperties) = preSolution
		HideSolutionNode = FALSE
	EndGlobalSection
	GlobalSection(ExtensibilityGlobals) = postSolution
		SolutionGuid = {8F94A9A5-8F68-40B8-B84E-7B015ABFC451}
	EndGlobalSection
EndGlobal
